
Microsoft Visual Studio Solution File, Format Version 12.00
# Visual Studio Version 17
VisualStudioVersion = 17.3.32901.215
MinimumVisualStudioVersion = 10.0.40219.1
Project("{FAE04EC0-301F-11D3-BF4B-00C04F79EFBC}") = "Examen_T3", "Examen_T3\Examen_T3.csproj", "{5B1964E3-FA6E-45AB-8E1F-EFD1B72F7DCB}"
EndProject
Global
	GlobalSection(SolutionConfigurationPlatforms) = preSolution
		Debug|Any CPU = Debug|Any CPU
		Release|Any CPU = Release|Any CPU
	EndGlobalSection
	GlobalSection(ProjectConfigurationPlatforms) = postSolution
		{5B1964E3-FA6E-45AB-8E1F-EFD1B72F7DCB}.Debug|Any CPU.ActiveCfg = Debug|Any CPU
		{5B1964E3-FA6E-45AB-8E1F-EFD1B72F7DCB}.Debug|Any CPU.Build.0 = Debug|Any CPU
		{5B1964E3-FA6E-45AB-8E1F-EFD1B72F7DCB}.Release|Any CPU.ActiveCfg = Release|Any CPU
		{5B1964E3-FA6E-45AB-8E1F-EFD1B72F7DCB}.Release|Any CPU.Build.0 = Release|Any CPU
	EndGlobalSection
	GlobalSection(SolutionProperties) = preSolution
		HideSolutionNode = FALSE
	EndGlobalSection
	GlobalSection(ExtensibilityGlobals) = postSolution
		SolutionGuid = {211485DE-046F-40A5-8B37-ACE301A97F00}
	EndGlobalSection
EndGlobal
